PODS:
  - Alamofire (4.4.0)
  - AlamofireImage (3.2.0):
    - Alamofire (~> 4.1)
  - Freddy (3.0.0)

DEPENDENCIES:
  - Alamofire
  - AlamofireImage
  - Freddy

SPEC CHECKSUMS:
  Alamofire: dc44b1600b800eb63da6a19039a0083d62a6a62d
  AlamofireImage: 157ed682cc81d3b9db4fb90c1f12180ac552d93b
  Freddy: 367f994c88a90dd3987293b4b1bec94a4530745a

PODFILE CHECKSUM: afb236806df6f2e65fc498fb33680812b886b95c

COCOAPODS: 1.3.1
