PODS:
  - Alamofire (4.5.1)
  - AlamofireImage (3.3.0):
    - Alamofire (~> 4.5)
  - Freddy (3.0.2)
  - Nimble (7.0.2)
  - Quick (1.2.0)

DEPENDENCIES:
  - Alamofire
  - AlamofireImage
  - Freddy
  - Nimble
  - Quick

SPEC CHECKSUMS:
  Alamofire: 2d95912bf4c34f164fdfc335872e8c312acaea4a
  AlamofireImage: 2e784dc5d00f04903a52c1d169181469c805c3df
  Freddy: 60e165f3943b116d188c5a89991424a89cd71165
  Nimble: bfe1f814edabba69ff145cb1283e04ed636a67f2
  Quick: 58d203b1c5e27fff7229c4c1ae445ad7069a7a08

PODFILE CHECKSUM: c410f63be07d5338f28c5ffb79408c7efd2664e0

COCOAPODS: 1.3.1
